Microsoft Visual Studio Solution File, Format Version 12.00
# Visual Studio Version 17
VisualStudioVersion = 17.5.2.0
MinimumVisualStudioVersion = 10.0.40219.1
Project("{2150E333-8FDC-42A3-9474-1A3956D46DE8}") = "revend-event-service", "revend-event-service", "{4ADF4200-1190-14AD-DE77-CC6E34F72391}"
EndProject
Project("{FAE04EC0-301F-11D3-BF4B-00C04F79EFBC}") = "Revend.EventService", "revend-event-service\Revend.EventService\Revend.EventService.csproj", "{A1DE53BC-FC6A-65F9-C66F-2D69A9D5A2DF}"
EndProject
Global
	GlobalSection(SolutionConfigurationPlatforms) = preSolution
		Debug|Any CPU = Debug|Any CPU
		Release|Any CPU = Release|Any CPU
	EndGlobalSection
	GlobalSection(ProjectConfigurationPlatforms) = postSolution
		{A1DE53BC-FC6A-65F9-C66F-2D69A9D5A2DF}.Debug|Any CPU.ActiveCfg = Debug|Any CPU
		{A1DE53BC-FC6A-65F9-C66F-2D69A9D5A2DF}.Debug|Any CPU.Build.0 = Debug|Any CPU
		{A1DE53BC-FC6A-65F9-C66F-2D69A9D5A2DF}.Release|Any CPU.ActiveCfg = Release|Any CPU
		{A1DE53BC-FC6A-65F9-C66F-2D69A9D5A2DF}.Release|Any CPU.Build.0 = Release|Any CPU
	EndGlobalSection
	GlobalSection(SolutionProperties) = preSolution
		HideSolutionNode = FALSE
	EndGlobalSection
	GlobalSection(NestedProjects) = preSolution
		{A1DE53BC-FC6A-65F9-C66F-2D69A9D5A2DF} = {4ADF4200-1190-14AD-DE77-CC6E34F72391}
	EndGlobalSection
	GlobalSection(ExtensibilityGlobals) = postSolution
		SolutionGuid = {CD02646E-0C00-47E4-B3EC-5739699DE419}
	EndGlobalSection
EndGlobal
